
Microsoft Visual Studio Solution File, Format Version 11.00
# Visual Studio 2010
Project("{8BC9CEB8-8B4A-11D0-8D11-00A0C91BC942}") = "Lab_03 2.5", "Lab_03 2.5\Lab_03 2.5.vcxproj", "{9DF31802-52C9-4079-B502-3C8F6BC9C183}"
EndProject
Global
	GlobalSection(SolutionConfigurationPlatforms) = preSolution
		Debug|Win32 = Debug|Win32
		Release|Win32 = Release|Win32
	EndGlobalSection
	GlobalSection(ProjectConfigurationPlatforms) = postSolution
		{9DF31802-52C9-4079-B502-3C8F6BC9C183}.Debug|Win32.ActiveCfg = Debug|Win32
		{9DF31802-52C9-4079-B502-3C8F6BC9C183}.Debug|Win32.Build.0 = Debug|Win32
		{9DF31802-52C9-4079-B502-3C8F6BC9C183}.Release|Win32.ActiveCfg = Release|Win32
		{9DF31802-52C9-4079-B502-3C8F6BC9C183}.Release|Win32.Build.0 = Release|Win32
	EndGlobalSection
	GlobalSection(SolutionProperties) = preSolution
		HideSolutionNode = FALSE
	EndGlobalSection
EndGlobal
