
Microsoft Visual Studio Solution File, Format Version 11.00
# Visual Studio 2010
Project("{8BC9CEB8-8B4A-11D0-8D11-00A0C91BC942}") = "Lab_03_2.2", "Lab_03_2.2\Lab_03_2.2.vcxproj", "{A73B1060-5CE3-40B0-BDE4-1F0F5E4846DB}"
EndProject
Global
	GlobalSection(SolutionConfigurationPlatforms) = preSolution
		Debug|Win32 = Debug|Win32
		Release|Win32 = Release|Win32
	EndGlobalSection
	GlobalSection(ProjectConfigurationPlatforms) = postSolution
		{A73B1060-5CE3-40B0-BDE4-1F0F5E4846DB}.Debug|Win32.ActiveCfg = Debug|Win32
		{A73B1060-5CE3-40B0-BDE4-1F0F5E4846DB}.Debug|Win32.Build.0 = Debug|Win32
		{A73B1060-5CE3-40B0-BDE4-1F0F5E4846DB}.Release|Win32.ActiveCfg = Release|Win32
		{A73B1060-5CE3-40B0-BDE4-1F0F5E4846DB}.Release|Win32.Build.0 = Release|Win32
	EndGlobalSection
	GlobalSection(SolutionProperties) = preSolution
		HideSolutionNode = FALSE
	EndGlobalSection
EndGlobal
