
Microsoft Visual Studio Solution File, Format Version 11.00
# Visual Studio 2010
Project("{8BC9CEB8-8B4A-11D0-8D11-00A0C91BC942}") = "Lab 04b", "Lab 04b\Lab 04b.vcxproj", "{20C2F535-1908-47BE-8A03-B4C47E91F81C}"
EndProject
Global
	GlobalSection(SolutionConfigurationPlatforms) = preSolution
		Debug|Win32 = Debug|Win32
		Release|Win32 = Release|Win32
	EndGlobalSection
	GlobalSection(ProjectConfigurationPlatforms) = postSolution
		{20C2F535-1908-47BE-8A03-B4C47E91F81C}.Debug|Win32.ActiveCfg = Debug|Win32
		{20C2F535-1908-47BE-8A03-B4C47E91F81C}.Debug|Win32.Build.0 = Debug|Win32
		{20C2F535-1908-47BE-8A03-B4C47E91F81C}.Release|Win32.ActiveCfg = Release|Win32
		{20C2F535-1908-47BE-8A03-B4C47E91F81C}.Release|Win32.Build.0 = Release|Win32
	EndGlobalSection
	GlobalSection(SolutionProperties) = preSolution
		HideSolutionNode = FALSE
	EndGlobalSection
EndGlobal
